
Microsoft Visual Studio Solution File, Format Version 12.00
# Visual Studio 2015
Project("{FAE04EC0-301F-11D3-BF4B-00C04F79EFBC}") = "UnityVS.Mage_bill2.CSharp", "UnityVS.Mage_bill2.CSharp.csproj", "{90F3BCAA-85E7-0175-EF5C-6D75B06244CD}"
EndProject
Global
	GlobalSection(SolutionConfigurationPlatforms) = preSolution
		Debug|Any CPU = Debug|Any CPU
		Release|Any CPU = Release|Any CPU
	EndGlobalSection
	GlobalSection(ProjectConfigurationPlatforms) = postSolution
		{90F3BCAA-85E7-0175-EF5C-6D75B06244CD}.Debug|Any CPU.ActiveCfg = Debug|Any CPU
		{90F3BCAA-85E7-0175-EF5C-6D75B06244CD}.Debug|Any CPU.Build.0 = Debug|Any CPU
		{90F3BCAA-85E7-0175-EF5C-6D75B06244CD}.Release|Any CPU.ActiveCfg = Release|Any CPU
		{90F3BCAA-85E7-0175-EF5C-6D75B06244CD}.Release|Any CPU.Build.0 = Release|Any CPU
	EndGlobalSection
	GlobalSection(SolutionProperties) = preSolution
		HideSolutionNode = FALSE
	EndGlobalSection
EndGlobal
